Microsoft Visual Studio Solution File, Format Version 11.00
# Visual Studio 2019

Project("{8BC9CEB8-8B4A-11D0-8D11-00A0C91BC942}") = "Gain - VST3", "Gain_VST3.vcxproj", "{16A97AB3-EDA0-2F99-8367-417762201242}"
	ProjectSection(ProjectDependencies) = postProject
		{995BED16-4261-6554-BDB7-8D09EB58C83E} = {995BED16-4261-6554-BDB7-8D09EB58C83E}
	EndProjectSection
EndProject
Project("{8BC9CEB8-8B4A-11D0-8D11-00A0C91BC942}") = "Gain - Shared Code", "Gain_SharedCode.vcxproj", "{995BED16-4261-6554-BDB7-8D09EB58C83E}"
EndProject
Global
	GlobalSection(SolutionConfigurationPlatforms) = preSolution
		Release|x64 = Release|x64
	EndGlobalSection
	GlobalSection(ProjectConfigurationPlatforms) = postSolution
		{16A97AB3-EDA0-2F99-8367-417762201242}.Release|x64.ActiveCfg = Release|x64
		{16A97AB3-EDA0-2F99-8367-417762201242}.Release|x64.Build.0 = Release|x64
		{995BED16-4261-6554-BDB7-8D09EB58C83E}.Release|x64.ActiveCfg = Release|x64
		{995BED16-4261-6554-BDB7-8D09EB58C83E}.Release|x64.Build.0 = Release|x64
	EndGlobalSection
	GlobalSection(SolutionProperties) = preSolution
		HideSolutionNode = FALSE
	EndGlobalSection
EndGlobal
